
Microsoft Visual Studio Solution File, Format Version 12.00
# Visual Studio Version 17
VisualStudioVersion = 17.7.34009.444
MinimumVisualStudioVersion = 10.0.40219.1
Project("{FAE04EC0-301F-11D3-BF4B-00C04F79EFBC}") = "HeritageMagazine", "HeritageMagazine\HeritageMagazine.csproj", "{F4198B91-ED85-4083-AA56-34B0297315AF}"
EndProject
Global
	GlobalSection(SolutionConfigurationPlatforms) = preSolution
		Debug|Any CPU = Debug|Any CPU
		Release|Any CPU = Release|Any CPU
	EndGlobalSection
	GlobalSection(ProjectConfigurationPlatforms) = postSolution
		{F4198B91-ED85-4083-AA56-34B0297315AF}.Debug|Any CPU.ActiveCfg = Debug|Any CPU
		{F4198B91-ED85-4083-AA56-34B0297315AF}.Debug|Any CPU.Build.0 = Debug|Any CPU
		{F4198B91-ED85-4083-AA56-34B0297315AF}.Release|Any CPU.ActiveCfg = Release|Any CPU
		{F4198B91-ED85-4083-AA56-34B0297315AF}.Release|Any CPU.Build.0 = Release|Any CPU
	EndGlobalSection
	GlobalSection(SolutionProperties) = preSolution
		HideSolutionNode = FALSE
	EndGlobalSection
	GlobalSection(ExtensibilityGlobals) = postSolution
		SolutionGuid = {D80D3061-8A78-421D-AE94-17CDEF12FEE0}
	EndGlobalSection
EndGlobal
